
Microsoft Visual Studio Solution File, Format Version 12.00
# Visual Studio 15
VisualStudioVersion = 15.0.28307.168
MinimumVisualStudioVersion = 10.0.40219.1
Project("{FAE04EC0-301F-11D3-BF4B-00C04F79EFBC}") = "TT", "TT.csproj", "{DF0B5253-312D-4488-80BD-C8220EDE6C03}"
EndProject
Project("{FAE04EC0-301F-11D3-BF4B-00C04F79EFBC}") = "Core", "..\Core\Core.csproj", "{4E0DBC28-F438-44C4-8A4A-0CAF8EDFFF96}"
EndProject
Project("{FAE04EC0-301F-11D3-BF4B-00C04F79EFBC}") = "ClientDemo", "ClientDemo\ClientDemo.csproj", "{965B5291-8B75-4593-8EC7-5D43EA1B9B7F}"
EndProject
Project("{FAE04EC0-301F-11D3-BF4B-00C04F79EFBC}") = "TTServer", "..\TTServer\TTServer.csproj", "{77377B1E-37EA-4199-BD05-AF480F717221}"
EndProject
Global
	GlobalSection(SolutionConfigurationPlatforms) = preSolution
		Debug|Any CPU = Debug|Any CPU
		Release|Any CPU = Release|Any CPU
	EndGlobalSection
	GlobalSection(ProjectConfigurationPlatforms) = postSolution
		{DF0B5253-312D-4488-80BD-C8220EDE6C03}.Debug|Any CPU.ActiveCfg = Debug|Any CPU
		{DF0B5253-312D-4488-80BD-C8220EDE6C03}.Debug|Any CPU.Build.0 = Debug|Any CPU
		{DF0B5253-312D-4488-80BD-C8220EDE6C03}.Release|Any CPU.ActiveCfg = Release|Any CPU
		{DF0B5253-312D-4488-80BD-C8220EDE6C03}.Release|Any CPU.Build.0 = Release|Any CPU
		{4E0DBC28-F438-44C4-8A4A-0CAF8EDFFF96}.Debug|Any CPU.ActiveCfg = Debug|Any CPU
		{4E0DBC28-F438-44C4-8A4A-0CAF8EDFFF96}.Debug|Any CPU.Build.0 = Debug|Any CPU
		{4E0DBC28-F438-44C4-8A4A-0CAF8EDFFF96}.Release|Any CPU.ActiveCfg = Release|Any CPU
		{4E0DBC28-F438-44C4-8A4A-0CAF8EDFFF96}.Release|Any CPU.Build.0 = Release|Any CPU
		{965B5291-8B75-4593-8EC7-5D43EA1B9B7F}.Debug|Any CPU.ActiveCfg = Debug|Any CPU
		{965B5291-8B75-4593-8EC7-5D43EA1B9B7F}.Debug|Any CPU.Build.0 = Debug|Any CPU
		{965B5291-8B75-4593-8EC7-5D43EA1B9B7F}.Release|Any CPU.ActiveCfg = Release|Any CPU
		{965B5291-8B75-4593-8EC7-5D43EA1B9B7F}.Release|Any CPU.Build.0 = Release|Any CPU
		{77377B1E-37EA-4199-BD05-AF480F717221}.Debug|Any CPU.ActiveCfg = Debug|Any CPU
		{77377B1E-37EA-4199-BD05-AF480F717221}.Debug|Any CPU.Build.0 = Debug|Any CPU
		{77377B1E-37EA-4199-BD05-AF480F717221}.Release|Any CPU.ActiveCfg = Release|Any CPU
		{77377B1E-37EA-4199-BD05-AF480F717221}.Release|Any CPU.Build.0 = Release|Any CPU
	EndGlobalSection
	GlobalSection(SolutionProperties) = preSolution
		HideSolutionNode = FALSE
	EndGlobalSection
	GlobalSection(ExtensibilityGlobals) = postSolution
		SolutionGuid = {A7BBD9E0-0CFA-46D6-8C73-149B33B97A39}
	EndGlobalSection
EndGlobal
