
Microsoft Visual Studio Solution File, Format Version 12.00
# Visual Studio 15
VisualStudioVersion = 15.0.28307.168
MinimumVisualStudioVersion = 10.0.40219.1
Project("{FAE04EC0-301F-11D3-BF4B-00C04F79EFBC}") = "TT", "TT.csproj", "{DF0B5253-312D-4488-80BD-C8220EDE6C03}"
EndProject
Global
	GlobalSection(SolutionConfigurationPlatforms) = preSolution
		Debug|Any CPU = Debug|Any CPU
		Release|Any CPU = Release|Any CPU
	EndGlobalSection
	GlobalSection(ProjectConfigurationPlatforms) = postSolution
		{DF0B5253-312D-4488-80BD-C8220EDE6C03}.Debug|Any CPU.ActiveCfg = Debug|Any CPU
		{DF0B5253-312D-4488-80BD-C8220EDE6C03}.Debug|Any CPU.Build.0 = Debug|Any CPU
		{DF0B5253-312D-4488-80BD-C8220EDE6C03}.Release|Any CPU.ActiveCfg = Release|Any CPU
		{DF0B5253-312D-4488-80BD-C8220EDE6C03}.Release|Any CPU.Build.0 = Release|Any CPU
	EndGlobalSection
	GlobalSection(SolutionProperties) = preSolution
		HideSolutionNode = FALSE
	EndGlobalSection
	GlobalSection(ExtensibilityGlobals) = postSolution
		SolutionGuid = {A7BBD9E0-0CFA-46D6-8C73-149B33B97A39}
	EndGlobalSection
EndGlobal
